<Solution>
  <Configurations>
    <Platform Name="x64" />
    <Platform Name="x86" />
  </Configurations>
  <Folder Name="/Solution Items/">
    <File Path="src/Launcher.cpp" />
    <File Path="src/AttributesDialog.cpp" />
    <File Path="src/ShellExtension.cpp" />
    <File Path="src/ShellExtension.h" />
    <File Path="src/SettingsDialog.cpp" />
    <File Path="src/TakeOwnershipDialog.cpp" />
  </Folder>
  <Project Path="xToolsMenu/xToolsMenu.vcxproj" Id="12345678-abcd-efab-cdef-123456789abc" />
</Solution>
